<?xml version="1.0" encoding="utf-8"?>
<Project ToolsVersion="4.0" xmlns="http://schemas.microsoft.com/developer/msbuild/2003">
  <ItemGroup>
    <Filter Include="Source Files">
      <UniqueIdentifier>{4FC737F1-C7A5-4376-A066-2A32D752A2FF}</UniqueIdentifier>
      <Extensions>cpp;c;cc;cxx;def;odl;idl;hpj;bat;asm;asmx</Extensions>
    </Filter>
    <Filter Include="Header Files">
      <UniqueIdentifier>{93995380-89BD-4b04-88EB-625FBE52EBFB}</UniqueIdentifier>
      <Extensions>h;hh;hpp;hxx;hm;inl;inc;xsd</Extensions>
    </Filter>
  </ItemGroup>
  <ItemGroup>
    <ClInclude Include="stdafx.h">
      <Filter>Header Files</Filter>
    </ClInclude>
    <ClInclude Include="Configuration.h">
      <Filter>Header Files</Filter>
    </ClInclude>
    <ClInclude Include="Computer.h">
      <Filter>Header Files</Filter>
    </ClInclude>
    <ClInclude Include="Board.h">
      <Filter>Header Files</Filter>
    </ClInclude>
    <ClInclude Include="Ula.h">
      <Filter>Header Files</Filter>
    </ClInclude>
    <ClInclude Include="ColourPalette.h">
      <Filter>Header Files</Filter>
    </ClInclude>
    <ClInclude Include="Buzzer.h">
      <Filter>Header Files</Filter>
    </ClInclude>
    <ClInclude Include="SnaFile.h">
      <Filter>Header Files</Filter>
    </ClInclude>
    <ClInclude Include="Z80File.h">
      <Filter>Header Files</Filter>
    </ClInclude>
    <ClInclude Include="SnapshotFile.h">
      <Filter>Header Files</Filter>
    </ClInclude>
    <ClInclude Include="KempstonJoystick.h">
      <Filter>Header Files</Filter>
    </ClInclude>
    <ClInclude Include="Expansion.h">
      <Filter>Header Files</Filter>
    </ClInclude>
    <ClInclude Include="Joystick.h">
      <Filter>Header Files</Filter>
    </ClInclude>
    <ClInclude Include="Interface2Joystick.h">
      <Filter>Header Files</Filter>
    </ClInclude>
    <ClInclude Include="TZXFile.h">
      <Filter>Header Files</Filter>
    </ClInclude>
    <ClInclude Include="Loader.h">
      <Filter>Header Files</Filter>
    </ClInclude>
    <ClInclude Include="Content.h">
      <Filter>Header Files</Filter>
    </ClInclude>
    <ClInclude Include="TAPBlock.h">
      <Filter>Header Files</Filter>
    </ClInclude>
    <ClInclude Include="ToneSequence.h">
      <Filter>Header Files</Filter>
    </ClInclude>
    <ClInclude Include="StandardToneSequence.h">
      <Filter>Header Files</Filter>
    </ClInclude>
    <ClInclude Include="AudioFile.h">
      <Filter>Header Files</Filter>
    </ClInclude>
    <ClInclude Include="WavWriter.h">
      <Filter>Header Files</Filter>
    </ClInclude>
    <ClInclude Include="LittleEndianContent.h">
      <Filter>Header Files</Filter>
    </ClInclude>
  </ItemGroup>
  <ItemGroup>
    <ClCompile Include="stdafx.cpp">
      <Filter>Source Files</Filter>
    </ClCompile>
    <ClCompile Include="spectrum.cpp">
      <Filter>Source Files</Filter>
    </ClCompile>
    <ClCompile Include="Computer.cpp">
      <Filter>Source Files</Filter>
    </ClCompile>
    <ClCompile Include="Board.cpp">
      <Filter>Source Files</Filter>
    </ClCompile>
    <ClCompile Include="Ula.cpp">
      <Filter>Source Files</Filter>
    </ClCompile>
    <ClCompile Include="ColourPalette.cpp">
      <Filter>Source Files</Filter>
    </ClCompile>
    <ClCompile Include="SnaFile.cpp">
      <Filter>Source Files</Filter>
    </ClCompile>
    <ClCompile Include="Z80File.cpp">
      <Filter>Source Files</Filter>
    </ClCompile>
    <ClCompile Include="SnapshotFile.cpp">
      <Filter>Source Files</Filter>
    </ClCompile>
    <ClCompile Include="KempstonJoystick.cpp">
      <Filter>Source Files</Filter>
    </ClCompile>
    <ClCompile Include="Expansion.cpp">
      <Filter>Source Files</Filter>
    </ClCompile>
    <ClCompile Include="Joystick.cpp">
      <Filter>Source Files</Filter>
    </ClCompile>
    <ClCompile Include="Interface2Joystick.cpp">
      <Filter>Source Files</Filter>
    </ClCompile>
    <ClCompile Include="TZXFile.cpp">
      <Filter>Source Files</Filter>
    </ClCompile>
    <ClCompile Include="Content.cpp">
      <Filter>Source Files</Filter>
    </ClCompile>
    <ClCompile Include="TAPBlock.cpp">
      <Filter>Source Files</Filter>
    </ClCompile>
    <ClCompile Include="ToneSequence.cpp">
      <Filter>Source Files</Filter>
    </ClCompile>
    <ClCompile Include="StandardToneSequence.cpp">
      <Filter>Source Files</Filter>
    </ClCompile>
    <ClCompile Include="LittleEndianContent.cpp">
      <Filter>Source Files</Filter>
    </ClCompile>
  </ItemGroup>
</Project>